
Microsoft Visual Studio Solution File, Format Version 12.00
# Visual Studio Version 16
VisualStudioVersion = 16.0.31129.286
MinimumVisualStudioVersion = 10.0.40219.1
Project("{FAE04EC0-301F-11D3-BF4B-00C04F79EFBC}") = "Lesson_1", "Lesson_1\Lesson_1.csproj", "{F4614F06-2DB4-46BF-B91C-51536CFDBBFD}"
EndProject
Global
	GlobalSection(SolutionConfigurationPlatforms) = preSolution
		Debug|Any CPU = Debug|Any CPU
		Release|Any CPU = Release|Any CPU
	EndGlobalSection
	GlobalSection(ProjectConfigurationPlatforms) = postSolution
		{F4614F06-2DB4-46BF-B91C-51536CFDBBFD}.Debug|Any CPU.ActiveCfg = Debug|Any CPU
		{F4614F06-2DB4-46BF-B91C-51536CFDBBFD}.Debug|Any CPU.Build.0 = Debug|Any CPU
		{F4614F06-2DB4-46BF-B91C-51536CFDBBFD}.Release|Any CPU.ActiveCfg = Release|Any CPU
		{F4614F06-2DB4-46BF-B91C-51536CFDBBFD}.Release|Any CPU.Build.0 = Release|Any CPU
	EndGlobalSection
	GlobalSection(SolutionProperties) = preSolution
		HideSolutionNode = FALSE
	EndGlobalSection
	GlobalSection(ExtensibilityGlobals) = postSolution
		SolutionGuid = {AA948B65-0CFE-43CD-9915-DDA2062587ED}
	EndGlobalSection
EndGlobal
