
Microsoft Visual Studio Solution File, Format Version 12.00
# Visual Studio Version 16
VisualStudioVersion = 16.0.31205.134
MinimumVisualStudioVersion = 10.0.40219.1
Project("{FAE04EC0-301F-11D3-BF4B-00C04F79EFBC}") = "Lesson_6", "Lesson_6\Lesson_6.csproj", "{042F5121-8045-4789-A2C1-EFB5BA66510E}"
EndProject
Global
	GlobalSection(SolutionConfigurationPlatforms) = preSolution
		Debug|Any CPU = Debug|Any CPU
		Release|Any CPU = Release|Any CPU
	EndGlobalSection
	GlobalSection(ProjectConfigurationPlatforms) = postSolution
		{042F5121-8045-4789-A2C1-EFB5BA66510E}.Debug|Any CPU.ActiveCfg = Debug|Any CPU
		{042F5121-8045-4789-A2C1-EFB5BA66510E}.Debug|Any CPU.Build.0 = Debug|Any CPU
		{042F5121-8045-4789-A2C1-EFB5BA66510E}.Release|Any CPU.ActiveCfg = Release|Any CPU
		{042F5121-8045-4789-A2C1-EFB5BA66510E}.Release|Any CPU.Build.0 = Release|Any CPU
	EndGlobalSection
	GlobalSection(SolutionProperties) = preSolution
		HideSolutionNode = FALSE
	EndGlobalSection
	GlobalSection(ExtensibilityGlobals) = postSolution
		SolutionGuid = {CADF5CE1-39B7-4CC9-B598-9694DE962E9A}
	EndGlobalSection
EndGlobal
